
Microsoft Visual Studio Solution File, Format Version 12.00
# Visual Studio 15
VisualStudioVersion = 15.0.27130.2036
MinimumVisualStudioVersion = 10.0.40219.1
Project("{FAE04EC0-301F-11D3-BF4B-00C04F79EFBC}") = "2018-MediaTech", "2018-MediaTech\2018-MediaTech.csproj", "{34A885E8-187F-437B-9000-D4DCC6BD9BF1}"
EndProject
Global
	GlobalSection(SolutionConfigurationPlatforms) = preSolution
		Debug|Any CPU = Debug|Any CPU
		Release|Any CPU = Release|Any CPU
	EndGlobalSection
	GlobalSection(ProjectConfigurationPlatforms) = postSolution
		{34A885E8-187F-437B-9000-D4DCC6BD9BF1}.Debug|Any CPU.ActiveCfg = Debug|Any CPU
		{34A885E8-187F-437B-9000-D4DCC6BD9BF1}.Debug|Any CPU.Build.0 = Debug|Any CPU
		{34A885E8-187F-437B-9000-D4DCC6BD9BF1}.Release|Any CPU.ActiveCfg = Release|Any CPU
		{34A885E8-187F-437B-9000-D4DCC6BD9BF1}.Release|Any CPU.Build.0 = Release|Any CPU
	EndGlobalSection
	GlobalSection(SolutionProperties) = preSolution
		HideSolutionNode = FALSE
	EndGlobalSection
	GlobalSection(ExtensibilityGlobals) = postSolution
		EnterpriseLibraryConfigurationToolBinariesPathV6 = packages\EnterpriseLibrary.Common.6.0.1304.0\lib\NET45;packages\EnterpriseLibrary.Data.6.0.1304.0\lib\NET45
		SolutionGuid = {8961A2BC-A733-4574-990C-0397B1666829}
	EndGlobalSection
EndGlobal
